
Microsoft Visual Studio Solution File, Format Version 12.00
# Visual Studio 2013
VisualStudioVersion = 12.0.40629.0
MinimumVisualStudioVersion = 10.0.40219.1
Project("{FAE04EC0-301F-11D3-BF4B-00C04F79EFBC}") = "SzkolkaSkierniewice", "SzkolkaSkierniewice\SzkolkaSkierniewice.csproj", "{400150ED-A602-485A-8AEF-C3381A3B0741}"
EndProject
Project("{FAE04EC0-301F-11D3-BF4B-00C04F79EFBC}") = "SzkolkaSkierniewice.Domain", "SzkolkaSkierniewice.Domain\SzkolkaSkierniewice.Domain.csproj", "{AD0E42E9-20AD-4B63-9351-96C3ADFAA2F4}"
EndProject
Global
	GlobalSection(SolutionConfigurationPlatforms) = preSolution
		Debug|Any CPU = Debug|Any CPU
		Release|Any CPU = Release|Any CPU
	EndGlobalSection
	GlobalSection(ProjectConfigurationPlatforms) = postSolution
		{400150ED-A602-485A-8AEF-C3381A3B0741}.Debug|Any CPU.ActiveCfg = Debug|Any CPU
		{400150ED-A602-485A-8AEF-C3381A3B0741}.Debug|Any CPU.Build.0 = Debug|Any CPU
		{400150ED-A602-485A-8AEF-C3381A3B0741}.Release|Any CPU.ActiveCfg = Release|Any CPU
		{400150ED-A602-485A-8AEF-C3381A3B0741}.Release|Any CPU.Build.0 = Release|Any CPU
		{AD0E42E9-20AD-4B63-9351-96C3ADFAA2F4}.Debug|Any CPU.ActiveCfg = Debug|Any CPU
		{AD0E42E9-20AD-4B63-9351-96C3ADFAA2F4}.Debug|Any CPU.Build.0 = Debug|Any CPU
		{AD0E42E9-20AD-4B63-9351-96C3ADFAA2F4}.Release|Any CPU.ActiveCfg = Release|Any CPU
		{AD0E42E9-20AD-4B63-9351-96C3ADFAA2F4}.Release|Any CPU.Build.0 = Release|Any CPU
	EndGlobalSection
	GlobalSection(SolutionProperties) = preSolution
		HideSolutionNode = FALSE
	EndGlobalSection
EndGlobal
